
Microsoft Visual Studio Solution File, Format Version 12.00
# Visual Studio Version 17
VisualStudioVersion = 17.3.32825.248
MinimumVisualStudioVersion = 10.0.40219.1
Project("{FAE04EC0-301F-11D3-BF4B-00C04F79EFBC}") = "StackFeladat", "StackFeladat.csproj", "{BE952156-5D09-4BC3-973F-F84CFF5D6485}"
EndProject
Global
	GlobalSection(SolutionConfigurationPlatforms) = preSolution
		Debug|Any CPU = Debug|Any CPU
		Release|Any CPU = Release|Any CPU
	EndGlobalSection
	GlobalSection(ProjectConfigurationPlatforms) = postSolution
		{BE952156-5D09-4BC3-973F-F84CFF5D6485}.Debug|Any CPU.ActiveCfg = Debug|Any CPU
		{BE952156-5D09-4BC3-973F-F84CFF5D6485}.Debug|Any CPU.Build.0 = Debug|Any CPU
		{BE952156-5D09-4BC3-973F-F84CFF5D6485}.Release|Any CPU.ActiveCfg = Release|Any CPU
		{BE952156-5D09-4BC3-973F-F84CFF5D6485}.Release|Any CPU.Build.0 = Release|Any CPU
	EndGlobalSection
	GlobalSection(SolutionProperties) = preSolution
		HideSolutionNode = FALSE
	EndGlobalSection
	GlobalSection(ExtensibilityGlobals) = postSolution
		SolutionGuid = {D9415E79-514F-4C70-802C-5D3648A53670}
	EndGlobalSection
EndGlobal
