
Microsoft Visual Studio Solution File, Format Version 12.00
Project("{FAE04EC0-301F-11D3-BF4B-00C04F79EFBC}") = "WindowsFormsApp5", "WindowsFormsApp5.csproj", "{EC79CB1F-1268-4756-B879-61A256D0F72D}"
EndProject
Global
	GlobalSection(SolutionConfigurationPlatforms) = preSolution
		Debug|Any CPU = Debug|Any CPU
		Release|Any CPU = Release|Any CPU
	EndGlobalSection
	GlobalSection(ProjectConfigurationPlatforms) = postSolution
		{EC79CB1F-1268-4756-B879-61A256D0F72D}.Debug|Any CPU.ActiveCfg = Debug|Any CPU
		{EC79CB1F-1268-4756-B879-61A256D0F72D}.Debug|Any CPU.Build.0 = Debug|Any CPU
		{EC79CB1F-1268-4756-B879-61A256D0F72D}.Release|Any CPU.ActiveCfg = Release|Any CPU
		{EC79CB1F-1268-4756-B879-61A256D0F72D}.Release|Any CPU.Build.0 = Release|Any CPU
	EndGlobalSection
EndGlobal
