
Microsoft Visual Studio Solution File, Format Version 12.00
# Visual Studio Version 17
VisualStudioVersion = 17.3.32825.248
MinimumVisualStudioVersion = 10.0.40219.1
Project("{FAE04EC0-301F-11D3-BF4B-00C04F79EFBC}") = "db_test_wfa", "db_test_wfa.csproj", "{88E8CEFC-3535-402B-90E1-3F783A30E88D}"
EndProject
Global
	GlobalSection(SolutionConfigurationPlatforms) = preSolution
		Debug|Any CPU = Debug|Any CPU
		Release|Any CPU = Release|Any CPU
	EndGlobalSection
	GlobalSection(ProjectConfigurationPlatforms) = postSolution
		{88E8CEFC-3535-402B-90E1-3F783A30E88D}.Debug|Any CPU.ActiveCfg = Debug|Any CPU
		{88E8CEFC-3535-402B-90E1-3F783A30E88D}.Debug|Any CPU.Build.0 = Debug|Any CPU
		{88E8CEFC-3535-402B-90E1-3F783A30E88D}.Release|Any CPU.ActiveCfg = Release|Any CPU
		{88E8CEFC-3535-402B-90E1-3F783A30E88D}.Release|Any CPU.Build.0 = Release|Any CPU
	EndGlobalSection
	GlobalSection(SolutionProperties) = preSolution
		HideSolutionNode = FALSE
	EndGlobalSection
	GlobalSection(ExtensibilityGlobals) = postSolution
		SolutionGuid = {B3DEE23C-AFCE-418E-84C4-118679B591E7}
	EndGlobalSection
EndGlobal
