
Microsoft Visual Studio Solution File, Format Version 12.00
# Visual Studio Version 17
VisualStudioVersion = 17.3.32825.248
MinimumVisualStudioVersion = 10.0.40219.1
Project("{FAE04EC0-301F-11D3-BF4B-00C04F79EFBC}") = "ConsoleApp2", "ConsoleApp2.csproj", "{DD822E33-CFC7-43DD-97BD-E3C02DF4CA2A}"
EndProject
Global
	GlobalSection(SolutionConfigurationPlatforms) = preSolution
		Debug|Any CPU = Debug|Any CPU
		Release|Any CPU = Release|Any CPU
	EndGlobalSection
	GlobalSection(ProjectConfigurationPlatforms) = postSolution
		{DD822E33-CFC7-43DD-97BD-E3C02DF4CA2A}.Debug|Any CPU.ActiveCfg = Debug|Any CPU
		{DD822E33-CFC7-43DD-97BD-E3C02DF4CA2A}.Debug|Any CPU.Build.0 = Debug|Any CPU
		{DD822E33-CFC7-43DD-97BD-E3C02DF4CA2A}.Release|Any CPU.ActiveCfg = Release|Any CPU
		{DD822E33-CFC7-43DD-97BD-E3C02DF4CA2A}.Release|Any CPU.Build.0 = Release|Any CPU
	EndGlobalSection
	GlobalSection(SolutionProperties) = preSolution
		HideSolutionNode = FALSE
	EndGlobalSection
	GlobalSection(ExtensibilityGlobals) = postSolution
		SolutionGuid = {14C034BB-28F7-499B-B19A-48482CD57196}
	EndGlobalSection
EndGlobal
