
Microsoft Visual Studio Solution File, Format Version 12.00
# Visual Studio Version 17
VisualStudioVersion = 17.3.32825.248
MinimumVisualStudioVersion = 10.0.40219.1
Project("{FAE04EC0-301F-11D3-BF4B-00C04F79EFBC}") = "FociVB", "FociVB.csproj", "{F6678AE4-713F-49DC-9ACA-862CDFDE4A04}"
EndProject
Global
	GlobalSection(SolutionConfigurationPlatforms) = preSolution
		Debug|Any CPU = Debug|Any CPU
		Release|Any CPU = Release|Any CPU
	EndGlobalSection
	GlobalSection(ProjectConfigurationPlatforms) = postSolution
		{F6678AE4-713F-49DC-9ACA-862CDFDE4A04}.Debug|Any CPU.ActiveCfg = Debug|Any CPU
		{F6678AE4-713F-49DC-9ACA-862CDFDE4A04}.Debug|Any CPU.Build.0 = Debug|Any CPU
		{F6678AE4-713F-49DC-9ACA-862CDFDE4A04}.Release|Any CPU.ActiveCfg = Release|Any CPU
		{F6678AE4-713F-49DC-9ACA-862CDFDE4A04}.Release|Any CPU.Build.0 = Release|Any CPU
	EndGlobalSection
	GlobalSection(SolutionProperties) = preSolution
		HideSolutionNode = FALSE
	EndGlobalSection
	GlobalSection(ExtensibilityGlobals) = postSolution
		SolutionGuid = {A1C03552-9A3F-421A-9AC3-FA6EAE41ACE1}
	EndGlobalSection
EndGlobal
