
Microsoft Visual Studio Solution File, Format Version 12.00
# Visual Studio Version 17
VisualStudioVersion = 17.3.32825.248
MinimumVisualStudioVersion = 10.0.40219.1
Project("{FAE04EC0-301F-11D3-BF4B-00C04F79EFBC}") = "OroklesiTipusok2", "OroklesiTipusok2.csproj", "{3FED0821-457F-49BB-9982-C21F8267F34C}"
EndProject
Global
	GlobalSection(SolutionConfigurationPlatforms) = preSolution
		Debug|Any CPU = Debug|Any CPU
		Release|Any CPU = Release|Any CPU
	EndGlobalSection
	GlobalSection(ProjectConfigurationPlatforms) = postSolution
		{3FED0821-457F-49BB-9982-C21F8267F34C}.Debug|Any CPU.ActiveCfg = Debug|Any CPU
		{3FED0821-457F-49BB-9982-C21F8267F34C}.Debug|Any CPU.Build.0 = Debug|Any CPU
		{3FED0821-457F-49BB-9982-C21F8267F34C}.Release|Any CPU.ActiveCfg = Release|Any CPU
		{3FED0821-457F-49BB-9982-C21F8267F34C}.Release|Any CPU.Build.0 = Release|Any CPU
	EndGlobalSection
	GlobalSection(SolutionProperties) = preSolution
		HideSolutionNode = FALSE
	EndGlobalSection
	GlobalSection(ExtensibilityGlobals) = postSolution
		SolutionGuid = {9BA62F7A-5C2D-4EEE-8AE8-3D0528384964}
	EndGlobalSection
EndGlobal
