
Microsoft Visual Studio Solution File, Format Version 12.00
Project("{FAE04EC0-301F-11D3-BF4B-00C04F79EFBC}") = "ConsoleApplication3", "ConsoleApplication3\ConsoleApplication3.csproj", "{0C33670B-47BD-421C-89F8-CBD5A2C07BAA}"
EndProject
Global
	GlobalSection(SolutionConfigurationPlatforms) = preSolution
		Debug|Any CPU = Debug|Any CPU
		Release|Any CPU = Release|Any CPU
	EndGlobalSection
	GlobalSection(ProjectConfigurationPlatforms) = postSolution
		{0C33670B-47BD-421C-89F8-CBD5A2C07BAA}.Debug|Any CPU.ActiveCfg = Debug|Any CPU
		{0C33670B-47BD-421C-89F8-CBD5A2C07BAA}.Debug|Any CPU.Build.0 = Debug|Any CPU
		{0C33670B-47BD-421C-89F8-CBD5A2C07BAA}.Release|Any CPU.ActiveCfg = Release|Any CPU
		{0C33670B-47BD-421C-89F8-CBD5A2C07BAA}.Release|Any CPU.Build.0 = Release|Any CPU
	EndGlobalSection
EndGlobal
