
Microsoft Visual Studio Solution File, Format Version 12.00
Project("{FAE04EC0-301F-11D3-BF4B-00C04F79EFBC}") = "ConsoleApplication4", "ConsoleApplication4\ConsoleApplication4.csproj", "{ABD37EBE-E366-441C-B298-EEEF674F73DB}"
EndProject
Global
	GlobalSection(SolutionConfigurationPlatforms) = preSolution
		Debug|Any CPU = Debug|Any CPU
		Release|Any CPU = Release|Any CPU
	EndGlobalSection
	GlobalSection(ProjectConfigurationPlatforms) = postSolution
		{ABD37EBE-E366-441C-B298-EEEF674F73DB}.Debug|Any CPU.ActiveCfg = Debug|Any CPU
		{ABD37EBE-E366-441C-B298-EEEF674F73DB}.Debug|Any CPU.Build.0 = Debug|Any CPU
		{ABD37EBE-E366-441C-B298-EEEF674F73DB}.Release|Any CPU.ActiveCfg = Release|Any CPU
		{ABD37EBE-E366-441C-B298-EEEF674F73DB}.Release|Any CPU.Build.0 = Release|Any CPU
	EndGlobalSection
EndGlobal
