
Microsoft Visual Studio Solution File, Format Version 12.00
# Visual Studio Version 17
VisualStudioVersion = 17.3.32825.248
MinimumVisualStudioVersion = 10.0.40219.1
Project("{FAE04EC0-301F-11D3-BF4B-00C04F79EFBC}") = "WindowsFormsApp31", "WindowsFormsApp31.csproj", "{38D36BC5-D6A7-4266-BBEE-8CA8B39DFE7F}"
EndProject
Global
	GlobalSection(SolutionConfigurationPlatforms) = preSolution
		Debug|Any CPU = Debug|Any CPU
		Release|Any CPU = Release|Any CPU
	EndGlobalSection
	GlobalSection(ProjectConfigurationPlatforms) = postSolution
		{38D36BC5-D6A7-4266-BBEE-8CA8B39DFE7F}.Debug|Any CPU.ActiveCfg = Debug|Any CPU
		{38D36BC5-D6A7-4266-BBEE-8CA8B39DFE7F}.Debug|Any CPU.Build.0 = Debug|Any CPU
		{38D36BC5-D6A7-4266-BBEE-8CA8B39DFE7F}.Release|Any CPU.ActiveCfg = Release|Any CPU
		{38D36BC5-D6A7-4266-BBEE-8CA8B39DFE7F}.Release|Any CPU.Build.0 = Release|Any CPU
	EndGlobalSection
	GlobalSection(SolutionProperties) = preSolution
		HideSolutionNode = FALSE
	EndGlobalSection
	GlobalSection(ExtensibilityGlobals) = postSolution
		SolutionGuid = {E405A253-DAFE-4A17-B21F-03FB32E29B7E}
	EndGlobalSection
EndGlobal
