
Microsoft Visual Studio Solution File, Format Version 12.00
# Visual Studio Version 17
VisualStudioVersion = 17.3.32825.248
MinimumVisualStudioVersion = 10.0.40219.1
Project("{FAE04EC0-301F-11D3-BF4B-00C04F79EFBC}") = "Butorbolt", "Butorbolt.csproj", "{FAAD6FD5-3F49-4F68-8E90-703B87BD5145}"
EndProject
Global
	GlobalSection(SolutionConfigurationPlatforms) = preSolution
		Debug|Any CPU = Debug|Any CPU
		Release|Any CPU = Release|Any CPU
	EndGlobalSection
	GlobalSection(ProjectConfigurationPlatforms) = postSolution
		{FAAD6FD5-3F49-4F68-8E90-703B87BD5145}.Debug|Any CPU.ActiveCfg = Debug|Any CPU
		{FAAD6FD5-3F49-4F68-8E90-703B87BD5145}.Debug|Any CPU.Build.0 = Debug|Any CPU
		{FAAD6FD5-3F49-4F68-8E90-703B87BD5145}.Release|Any CPU.ActiveCfg = Release|Any CPU
		{FAAD6FD5-3F49-4F68-8E90-703B87BD5145}.Release|Any CPU.Build.0 = Release|Any CPU
	EndGlobalSection
	GlobalSection(SolutionProperties) = preSolution
		HideSolutionNode = FALSE
	EndGlobalSection
	GlobalSection(ExtensibilityGlobals) = postSolution
		SolutionGuid = {4E0C40B8-5441-470C-8EF1-CB24D85C73CA}
	EndGlobalSection
EndGlobal
