
Microsoft Visual Studio Solution File, Format Version 12.00
Project("{FAE04EC0-301F-11D3-BF4B-00C04F79EFBC}") = "Delegate", "Delegate.csproj", "{6553462A-3FCE-4E1C-AE28-D884C5A08EAD}"
EndProject
Global
	GlobalSection(SolutionConfigurationPlatforms) = preSolution
		Debug|Any CPU = Debug|Any CPU
		Release|Any CPU = Release|Any CPU
	EndGlobalSection
	GlobalSection(ProjectConfigurationPlatforms) = postSolution
		{6553462A-3FCE-4E1C-AE28-D884C5A08EAD}.Debug|Any CPU.ActiveCfg = Debug|Any CPU
		{6553462A-3FCE-4E1C-AE28-D884C5A08EAD}.Debug|Any CPU.Build.0 = Debug|Any CPU
		{6553462A-3FCE-4E1C-AE28-D884C5A08EAD}.Release|Any CPU.ActiveCfg = Release|Any CPU
		{6553462A-3FCE-4E1C-AE28-D884C5A08EAD}.Release|Any CPU.Build.0 = Release|Any CPU
	EndGlobalSection
EndGlobal
