
Microsoft Visual Studio Solution File, Format Version 12.00
# Visual Studio Version 17
VisualStudioVersion = 17.3.32825.248
MinimumVisualStudioVersion = 10.0.40219.1
Project("{FAE04EC0-301F-11D3-BF4B-00C04F79EFBC}") = "WindowsFormsApp27", "WindowsFormsApp27.csproj", "{D64358E7-3B75-43C6-BEFE-AD0AC632111E}"
EndProject
Global
	GlobalSection(SolutionConfigurationPlatforms) = preSolution
		Debug|Any CPU = Debug|Any CPU
		Release|Any CPU = Release|Any CPU
	EndGlobalSection
	GlobalSection(ProjectConfigurationPlatforms) = postSolution
		{D64358E7-3B75-43C6-BEFE-AD0AC632111E}.Debug|Any CPU.ActiveCfg = Debug|Any CPU
		{D64358E7-3B75-43C6-BEFE-AD0AC632111E}.Debug|Any CPU.Build.0 = Debug|Any CPU
		{D64358E7-3B75-43C6-BEFE-AD0AC632111E}.Release|Any CPU.ActiveCfg = Release|Any CPU
		{D64358E7-3B75-43C6-BEFE-AD0AC632111E}.Release|Any CPU.Build.0 = Release|Any CPU
	EndGlobalSection
	GlobalSection(SolutionProperties) = preSolution
		HideSolutionNode = FALSE
	EndGlobalSection
	GlobalSection(ExtensibilityGlobals) = postSolution
		SolutionGuid = {42DF64E7-6886-4F65-AE74-431136EF7953}
	EndGlobalSection
EndGlobal
