
Microsoft Visual Studio Solution File, Format Version 12.00
# Visual Studio Version 17
VisualStudioVersion = 17.3.32825.248
MinimumVisualStudioVersion = 10.0.40219.1
Project("{FAE04EC0-301F-11D3-BF4B-00C04F79EFBC}") = "sept27", "sept27.csproj", "{5DF03DBD-07BF-4ADF-8AE7-5E434559F6D0}"
EndProject
Global
	GlobalSection(SolutionConfigurationPlatforms) = preSolution
		Debug|Any CPU = Debug|Any CPU
		Release|Any CPU = Release|Any CPU
	EndGlobalSection
	GlobalSection(ProjectConfigurationPlatforms) = postSolution
		{5DF03DBD-07BF-4ADF-8AE7-5E434559F6D0}.Debug|Any CPU.ActiveCfg = Debug|Any CPU
		{5DF03DBD-07BF-4ADF-8AE7-5E434559F6D0}.Debug|Any CPU.Build.0 = Debug|Any CPU
		{5DF03DBD-07BF-4ADF-8AE7-5E434559F6D0}.Release|Any CPU.ActiveCfg = Release|Any CPU
		{5DF03DBD-07BF-4ADF-8AE7-5E434559F6D0}.Release|Any CPU.Build.0 = Release|Any CPU
	EndGlobalSection
	GlobalSection(SolutionProperties) = preSolution
		HideSolutionNode = FALSE
	EndGlobalSection
	GlobalSection(ExtensibilityGlobals) = postSolution
		SolutionGuid = {E85F0063-9310-4CCF-A691-A215B36D337D}
	EndGlobalSection
EndGlobal
