
Microsoft Visual Studio Solution File, Format Version 12.00
# Visual Studio Version 17
VisualStudioVersion = 17.3.32825.248
MinimumVisualStudioVersion = 10.0.40219.1
Project("{FAE04EC0-301F-11D3-BF4B-00C04F79EFBC}") = "AutoVerseny", "AutoVerseny.csproj", "{8E7C081B-3EA5-4220-BBEE-505AB486BFAB}"
EndProject
Global
	GlobalSection(SolutionConfigurationPlatforms) = preSolution
		Debug|Any CPU = Debug|Any CPU
		Release|Any CPU = Release|Any CPU
	EndGlobalSection
	GlobalSection(ProjectConfigurationPlatforms) = postSolution
		{8E7C081B-3EA5-4220-BBEE-505AB486BFAB}.Debug|Any CPU.ActiveCfg = Debug|Any CPU
		{8E7C081B-3EA5-4220-BBEE-505AB486BFAB}.Debug|Any CPU.Build.0 = Debug|Any CPU
		{8E7C081B-3EA5-4220-BBEE-505AB486BFAB}.Release|Any CPU.ActiveCfg = Release|Any CPU
		{8E7C081B-3EA5-4220-BBEE-505AB486BFAB}.Release|Any CPU.Build.0 = Release|Any CPU
	EndGlobalSection
	GlobalSection(SolutionProperties) = preSolution
		HideSolutionNode = FALSE
	EndGlobalSection
	GlobalSection(ExtensibilityGlobals) = postSolution
		SolutionGuid = {FA6AB2BF-C595-4228-A0D9-AFEEED0351ED}
	EndGlobalSection
EndGlobal
