
Microsoft Visual Studio Solution File, Format Version 12.00
Project("{FAE04EC0-301F-11D3-BF4B-00C04F79EFBC}") = "Cseveges", "Cseveges.csproj", "{1E7E7622-9611-4D82-B23C-291E30171ADB}"
EndProject
Global
	GlobalSection(SolutionConfigurationPlatforms) = preSolution
		Debug|Any CPU = Debug|Any CPU
		Release|Any CPU = Release|Any CPU
	EndGlobalSection
	GlobalSection(ProjectConfigurationPlatforms) = postSolution
		{1E7E7622-9611-4D82-B23C-291E30171ADB}.Debug|Any CPU.ActiveCfg = Debug|Any CPU
		{1E7E7622-9611-4D82-B23C-291E30171ADB}.Debug|Any CPU.Build.0 = Debug|Any CPU
		{1E7E7622-9611-4D82-B23C-291E30171ADB}.Release|Any CPU.ActiveCfg = Release|Any CPU
		{1E7E7622-9611-4D82-B23C-291E30171ADB}.Release|Any CPU.Build.0 = Release|Any CPU
	EndGlobalSection
EndGlobal
