
Microsoft Visual Studio Solution File, Format Version 12.00
Project("{FAE04EC0-301F-11D3-BF4B-00C04F79EFBC}") = "dolgozatjan11", "dolgozatjan11.csproj", "{C9C5817C-74EC-4B69-B538-1A6B4C8333EE}"
EndProject
Global
	GlobalSection(SolutionConfigurationPlatforms) = preSolution
		Debug|Any CPU = Debug|Any CPU
		Release|Any CPU = Release|Any CPU
	EndGlobalSection
	GlobalSection(ProjectConfigurationPlatforms) = postSolution
		{C9C5817C-74EC-4B69-B538-1A6B4C8333EE}.Debug|Any CPU.ActiveCfg = Debug|Any CPU
		{C9C5817C-74EC-4B69-B538-1A6B4C8333EE}.Debug|Any CPU.Build.0 = Debug|Any CPU
		{C9C5817C-74EC-4B69-B538-1A6B4C8333EE}.Release|Any CPU.ActiveCfg = Release|Any CPU
		{C9C5817C-74EC-4B69-B538-1A6B4C8333EE}.Release|Any CPU.Build.0 = Release|Any CPU
	EndGlobalSection
EndGlobal
