
Microsoft Visual Studio Solution File, Format Version 12.00
# Visual Studio Version 17
VisualStudioVersion = 17.3.32825.248
MinimumVisualStudioVersion = 10.0.40219.1
Project("{FAE04EC0-301F-11D3-BF4B-00C04F79EFBC}") = "WindowsFormsApp18", "WindowsFormsApp18.csproj", "{06143DF3-E3DD-4526-BCF6-E43D0AA70390}"
EndProject
Global
	GlobalSection(SolutionConfigurationPlatforms) = preSolution
		Debug|Any CPU = Debug|Any CPU
		Release|Any CPU = Release|Any CPU
	EndGlobalSection
	GlobalSection(ProjectConfigurationPlatforms) = postSolution
		{06143DF3-E3DD-4526-BCF6-E43D0AA70390}.Debug|Any CPU.ActiveCfg = Debug|Any CPU
		{06143DF3-E3DD-4526-BCF6-E43D0AA70390}.Debug|Any CPU.Build.0 = Debug|Any CPU
		{06143DF3-E3DD-4526-BCF6-E43D0AA70390}.Release|Any CPU.ActiveCfg = Release|Any CPU
		{06143DF3-E3DD-4526-BCF6-E43D0AA70390}.Release|Any CPU.Build.0 = Release|Any CPU
	EndGlobalSection
	GlobalSection(SolutionProperties) = preSolution
		HideSolutionNode = FALSE
	EndGlobalSection
	GlobalSection(ExtensibilityGlobals) = postSolution
		SolutionGuid = {48C1B31E-BA70-4A72-95E3-665765B35585}
	EndGlobalSection
EndGlobal
