
Microsoft Visual Studio Solution File, Format Version 12.00
Project("{FAE04EC0-301F-11D3-BF4B-00C04F79EFBC}") = "Dec1214", "Dec1214.csproj", "{204D8200-807E-4663-94F5-6D4894C182FB}"
EndProject
Global
	GlobalSection(SolutionConfigurationPlatforms) = preSolution
		Debug|Any CPU = Debug|Any CPU
		Release|Any CPU = Release|Any CPU
	EndGlobalSection
	GlobalSection(ProjectConfigurationPlatforms) = postSolution
		{204D8200-807E-4663-94F5-6D4894C182FB}.Debug|Any CPU.ActiveCfg = Debug|Any CPU
		{204D8200-807E-4663-94F5-6D4894C182FB}.Debug|Any CPU.Build.0 = Debug|Any CPU
		{204D8200-807E-4663-94F5-6D4894C182FB}.Release|Any CPU.ActiveCfg = Release|Any CPU
		{204D8200-807E-4663-94F5-6D4894C182FB}.Release|Any CPU.Build.0 = Release|Any CPU
	EndGlobalSection
EndGlobal
