
Microsoft Visual Studio Solution File, Format Version 12.00
# Visual Studio Version 17
VisualStudioVersion = 17.3.32825.248
MinimumVisualStudioVersion = 10.0.40219.1
Project("{FAE04EC0-301F-11D3-BF4B-00C04F79EFBC}") = "Aruszallitas", "Aruszallitas.csproj", "{4677000D-18FF-491A-9A2E-80873B5626F5}"
EndProject
Global
	GlobalSection(SolutionConfigurationPlatforms) = preSolution
		Debug|Any CPU = Debug|Any CPU
		Release|Any CPU = Release|Any CPU
	EndGlobalSection
	GlobalSection(ProjectConfigurationPlatforms) = postSolution
		{4677000D-18FF-491A-9A2E-80873B5626F5}.Debug|Any CPU.ActiveCfg = Debug|Any CPU
		{4677000D-18FF-491A-9A2E-80873B5626F5}.Debug|Any CPU.Build.0 = Debug|Any CPU
		{4677000D-18FF-491A-9A2E-80873B5626F5}.Release|Any CPU.ActiveCfg = Release|Any CPU
		{4677000D-18FF-491A-9A2E-80873B5626F5}.Release|Any CPU.Build.0 = Release|Any CPU
	EndGlobalSection
	GlobalSection(SolutionProperties) = preSolution
		HideSolutionNode = FALSE
	EndGlobalSection
	GlobalSection(ExtensibilityGlobals) = postSolution
		SolutionGuid = {15C3D7A4-0D9F-4561-9E2C-BE292E5DB849}
	EndGlobalSection
EndGlobal
