
Microsoft Visual Studio Solution File, Format Version 12.00
# Visual Studio Version 17
VisualStudioVersion = 17.3.32825.248
MinimumVisualStudioVersion = 10.0.40219.1
Project("{FAE04EC0-301F-11D3-BF4B-00C04F79EFBC}") = "oop_teszt_10_03", "oop_teszt_10_03.csproj", "{C40D0CD8-1D1E-40C7-A266-9D310BB8137C}"
EndProject
Global
	GlobalSection(SolutionConfigurationPlatforms) = preSolution
		Debug|Any CPU = Debug|Any CPU
		Release|Any CPU = Release|Any CPU
	EndGlobalSection
	GlobalSection(ProjectConfigurationPlatforms) = postSolution
		{C40D0CD8-1D1E-40C7-A266-9D310BB8137C}.Debug|Any CPU.ActiveCfg = Debug|Any CPU
		{C40D0CD8-1D1E-40C7-A266-9D310BB8137C}.Debug|Any CPU.Build.0 = Debug|Any CPU
		{C40D0CD8-1D1E-40C7-A266-9D310BB8137C}.Release|Any CPU.ActiveCfg = Release|Any CPU
		{C40D0CD8-1D1E-40C7-A266-9D310BB8137C}.Release|Any CPU.Build.0 = Release|Any CPU
	EndGlobalSection
	GlobalSection(SolutionProperties) = preSolution
		HideSolutionNode = FALSE
	EndGlobalSection
	GlobalSection(ExtensibilityGlobals) = postSolution
		SolutionGuid = {B0CB910C-B0F8-40F0-AC9A-95D42CA380DF}
	EndGlobalSection
EndGlobal
