
Microsoft Visual Studio Solution File, Format Version 12.00
# Visual Studio Version 16
VisualStudioVersion = 16.0.32630.194
MinimumVisualStudioVersion = 10.0.40219.1
Project("{FAE04EC0-301F-11D3-BF4B-00C04F79EFBC}") = "LegyenOnIsMilliomos", "LegyenOnIsMilliomos\LegyenOnIsMilliomos.csproj", "{C53C639C-A837-42DE-95CF-1B7C33E9508E}"
EndProject
Global
	GlobalSection(SolutionConfigurationPlatforms) = preSolution
		Debug|Any CPU = Debug|Any CPU
		Release|Any CPU = Release|Any CPU
	EndGlobalSection
	GlobalSection(ProjectConfigurationPlatforms) = postSolution
		{C53C639C-A837-42DE-95CF-1B7C33E9508E}.Debug|Any CPU.ActiveCfg = Debug|Any CPU
		{C53C639C-A837-42DE-95CF-1B7C33E9508E}.Debug|Any CPU.Build.0 = Debug|Any CPU
		{C53C639C-A837-42DE-95CF-1B7C33E9508E}.Release|Any CPU.ActiveCfg = Release|Any CPU
		{C53C639C-A837-42DE-95CF-1B7C33E9508E}.Release|Any CPU.Build.0 = Release|Any CPU
	EndGlobalSection
	GlobalSection(SolutionProperties) = preSolution
		HideSolutionNode = FALSE
	EndGlobalSection
	GlobalSection(ExtensibilityGlobals) = postSolution
		SolutionGuid = {EF6F10EB-65FF-4A33-B1EE-10696F84CDC9}
	EndGlobalSection
EndGlobal
