
Microsoft Visual Studio Solution File, Format Version 12.00
# Visual Studio Version 17
VisualStudioVersion = 17.3.32825.248
MinimumVisualStudioVersion = 10.0.40219.1
Project("{FAE04EC0-301F-11D3-BF4B-00C04F79EFBC}") = "WindowsFormsApp12", "WindowsFormsApp12.csproj", "{C7DFEEE1-F9BB-4B3E-9E99-9874EF42BD44}"
EndProject
Global
	GlobalSection(SolutionConfigurationPlatforms) = preSolution
		Debug|Any CPU = Debug|Any CPU
		Release|Any CPU = Release|Any CPU
	EndGlobalSection
	GlobalSection(ProjectConfigurationPlatforms) = postSolution
		{C7DFEEE1-F9BB-4B3E-9E99-9874EF42BD44}.Debug|Any CPU.ActiveCfg = Debug|Any CPU
		{C7DFEEE1-F9BB-4B3E-9E99-9874EF42BD44}.Debug|Any CPU.Build.0 = Debug|Any CPU
		{C7DFEEE1-F9BB-4B3E-9E99-9874EF42BD44}.Release|Any CPU.ActiveCfg = Release|Any CPU
		{C7DFEEE1-F9BB-4B3E-9E99-9874EF42BD44}.Release|Any CPU.Build.0 = Release|Any CPU
	EndGlobalSection
	GlobalSection(SolutionProperties) = preSolution
		HideSolutionNode = FALSE
	EndGlobalSection
	GlobalSection(ExtensibilityGlobals) = postSolution
		SolutionGuid = {86A3D604-D04C-462C-A78F-FA445DAF19B6}
	EndGlobalSection
EndGlobal
