
Microsoft Visual Studio Solution File, Format Version 12.00
# Visual Studio Version 17
VisualStudioVersion = 17.3.32825.248
MinimumVisualStudioVersion = 10.0.40219.1
Project("{FAE04EC0-301F-11D3-BF4B-00C04F79EFBC}") = "WindowsFormsApp1", "WindowsFormsApp1.csproj", "{7A33EA76-5072-42FD-A3F9-5B5485C843BA}"
EndProject
Global
	GlobalSection(SolutionConfigurationPlatforms) = preSolution
		Debug|Any CPU = Debug|Any CPU
		Release|Any CPU = Release|Any CPU
	EndGlobalSection
	GlobalSection(ProjectConfigurationPlatforms) = postSolution
		{7A33EA76-5072-42FD-A3F9-5B5485C843BA}.Debug|Any CPU.ActiveCfg = Debug|Any CPU
		{7A33EA76-5072-42FD-A3F9-5B5485C843BA}.Debug|Any CPU.Build.0 = Debug|Any CPU
		{7A33EA76-5072-42FD-A3F9-5B5485C843BA}.Release|Any CPU.ActiveCfg = Release|Any CPU
		{7A33EA76-5072-42FD-A3F9-5B5485C843BA}.Release|Any CPU.Build.0 = Release|Any CPU
	EndGlobalSection
	GlobalSection(SolutionProperties) = preSolution
		HideSolutionNode = FALSE
	EndGlobalSection
	GlobalSection(ExtensibilityGlobals) = postSolution
		SolutionGuid = {23A9B550-AE69-4D32-BEC3-EFA536D97549}
	EndGlobalSection
EndGlobal
