
Microsoft Visual Studio Solution File, Format Version 12.00
# Visual Studio Version 17
VisualStudioVersion = 17.3.32825.248
MinimumVisualStudioVersion = 10.0.40219.1
Project("{FAE04EC0-301F-11D3-BF4B-00C04F79EFBC}") = "WindowsFormsApp28", "WindowsFormsApp28.csproj", "{D2DA5850-65F2-4901-91E9-3FEC3F68F7B6}"
EndProject
Global
	GlobalSection(SolutionConfigurationPlatforms) = preSolution
		Debug|Any CPU = Debug|Any CPU
		Release|Any CPU = Release|Any CPU
	EndGlobalSection
	GlobalSection(ProjectConfigurationPlatforms) = postSolution
		{D2DA5850-65F2-4901-91E9-3FEC3F68F7B6}.Debug|Any CPU.ActiveCfg = Debug|Any CPU
		{D2DA5850-65F2-4901-91E9-3FEC3F68F7B6}.Debug|Any CPU.Build.0 = Debug|Any CPU
		{D2DA5850-65F2-4901-91E9-3FEC3F68F7B6}.Release|Any CPU.ActiveCfg = Release|Any CPU
		{D2DA5850-65F2-4901-91E9-3FEC3F68F7B6}.Release|Any CPU.Build.0 = Release|Any CPU
	EndGlobalSection
	GlobalSection(SolutionProperties) = preSolution
		HideSolutionNode = FALSE
	EndGlobalSection
	GlobalSection(ExtensibilityGlobals) = postSolution
		SolutionGuid = {D3A0879A-6505-4C3C-9589-B5139A44F7FB}
	EndGlobalSection
EndGlobal
