
Microsoft Visual Studio Solution File, Format Version 12.00
# Visual Studio Version 17
VisualStudioVersion = 17.3.32825.248
MinimumVisualStudioVersion = 10.0.40219.1
Project("{FAE04EC0-301F-11D3-BF4B-00C04F79EFBC}") = "RealFesusLista", "RealFesusLista.csproj", "{B5F9DE2C-7054-4CC7-8686-AF5F7EBB6384}"
EndProject
Global
	GlobalSection(SolutionConfigurationPlatforms) = preSolution
		Debug|Any CPU = Debug|Any CPU
		Release|Any CPU = Release|Any CPU
	EndGlobalSection
	GlobalSection(ProjectConfigurationPlatforms) = postSolution
		{B5F9DE2C-7054-4CC7-8686-AF5F7EBB6384}.Debug|Any CPU.ActiveCfg = Debug|Any CPU
		{B5F9DE2C-7054-4CC7-8686-AF5F7EBB6384}.Debug|Any CPU.Build.0 = Debug|Any CPU
		{B5F9DE2C-7054-4CC7-8686-AF5F7EBB6384}.Release|Any CPU.ActiveCfg = Release|Any CPU
		{B5F9DE2C-7054-4CC7-8686-AF5F7EBB6384}.Release|Any CPU.Build.0 = Release|Any CPU
	EndGlobalSection
	GlobalSection(SolutionProperties) = preSolution
		HideSolutionNode = FALSE
	EndGlobalSection
	GlobalSection(ExtensibilityGlobals) = postSolution
		SolutionGuid = {186548A6-D05E-4774-BFEE-3180C7A8CC7C}
	EndGlobalSection
EndGlobal
