
Microsoft Visual Studio Solution File, Format Version 12.00
# Visual Studio Version 17
VisualStudioVersion = 17.3.32825.248
MinimumVisualStudioVersion = 10.0.40219.1
Project("{FAE04EC0-301F-11D3-BF4B-00C04F79EFBC}") = "ConsoleApp5", "ConsoleApp5.csproj", "{468D1C17-DA98-4D92-AAD8-A33A6323F9DF}"
EndProject
Global
	GlobalSection(SolutionConfigurationPlatforms) = preSolution
		Debug|Any CPU = Debug|Any CPU
		Release|Any CPU = Release|Any CPU
	EndGlobalSection
	GlobalSection(ProjectConfigurationPlatforms) = postSolution
		{468D1C17-DA98-4D92-AAD8-A33A6323F9DF}.Debug|Any CPU.ActiveCfg = Debug|Any CPU
		{468D1C17-DA98-4D92-AAD8-A33A6323F9DF}.Debug|Any CPU.Build.0 = Debug|Any CPU
		{468D1C17-DA98-4D92-AAD8-A33A6323F9DF}.Release|Any CPU.ActiveCfg = Release|Any CPU
		{468D1C17-DA98-4D92-AAD8-A33A6323F9DF}.Release|Any CPU.Build.0 = Release|Any CPU
	EndGlobalSection
	GlobalSection(SolutionProperties) = preSolution
		HideSolutionNode = FALSE
	EndGlobalSection
	GlobalSection(ExtensibilityGlobals) = postSolution
		SolutionGuid = {08C04339-C31C-4B0E-A7FF-EA445F2879F7}
	EndGlobalSection
EndGlobal
