
Microsoft Visual Studio Solution File, Format Version 12.00
# Visual Studio Version 17
VisualStudioVersion = 17.3.32825.248
MinimumVisualStudioVersion = 10.0.40219.1
Project("{FAE04EC0-301F-11D3-BF4B-00C04F79EFBC}") = "school", "school.csproj", "{3285157B-4BE4-4C38-B7E1-FF8E7B5F90EE}"
EndProject
Global
	GlobalSection(SolutionConfigurationPlatforms) = preSolution
		Debug|Any CPU = Debug|Any CPU
		Release|Any CPU = Release|Any CPU
	EndGlobalSection
	GlobalSection(ProjectConfigurationPlatforms) = postSolution
		{3285157B-4BE4-4C38-B7E1-FF8E7B5F90EE}.Debug|Any CPU.ActiveCfg = Debug|Any CPU
		{3285157B-4BE4-4C38-B7E1-FF8E7B5F90EE}.Debug|Any CPU.Build.0 = Debug|Any CPU
		{3285157B-4BE4-4C38-B7E1-FF8E7B5F90EE}.Release|Any CPU.ActiveCfg = Release|Any CPU
		{3285157B-4BE4-4C38-B7E1-FF8E7B5F90EE}.Release|Any CPU.Build.0 = Release|Any CPU
	EndGlobalSection
	GlobalSection(SolutionProperties) = preSolution
		HideSolutionNode = FALSE
	EndGlobalSection
	GlobalSection(ExtensibilityGlobals) = postSolution
		SolutionGuid = {E30ADE77-9D26-4F8C-AB4B-A374DE1A5A8A}
	EndGlobalSection
EndGlobal
