
Microsoft Visual Studio Solution File, Format Version 12.00
# Visual Studio Version 17
VisualStudioVersion = 17.3.32825.248
MinimumVisualStudioVersion = 10.0.40219.1
Project("{FAE04EC0-301F-11D3-BF4B-00C04F79EFBC}") = "mysql_test", "mysql_test.csproj", "{66E80B35-B296-449D-9458-84CF6F5C8421}"
EndProject
Global
	GlobalSection(SolutionConfigurationPlatforms) = preSolution
		Debug|Any CPU = Debug|Any CPU
		Release|Any CPU = Release|Any CPU
	EndGlobalSection
	GlobalSection(ProjectConfigurationPlatforms) = postSolution
		{66E80B35-B296-449D-9458-84CF6F5C8421}.Debug|Any CPU.ActiveCfg = Debug|Any CPU
		{66E80B35-B296-449D-9458-84CF6F5C8421}.Debug|Any CPU.Build.0 = Debug|Any CPU
		{66E80B35-B296-449D-9458-84CF6F5C8421}.Release|Any CPU.ActiveCfg = Release|Any CPU
		{66E80B35-B296-449D-9458-84CF6F5C8421}.Release|Any CPU.Build.0 = Release|Any CPU
	EndGlobalSection
	GlobalSection(SolutionProperties) = preSolution
		HideSolutionNode = FALSE
	EndGlobalSection
	GlobalSection(ExtensibilityGlobals) = postSolution
		SolutionGuid = {12B82F40-DB1F-4AA4-9D93-6FF0846C2A9B}
	EndGlobalSection
EndGlobal
